{
  "name": "arcee_cli",
  "lockfileVersion": 3,
  "requires": true,
  "packages": {
    "": {
      "dependencies": {
        "@extism/extism": "^2.0.0-rc11"
      }
    },
    "node_modules/@extism/extism": {
      "version": "2.0.0-rc11",
      "resolved": "https://registry.npmjs.org/@extism/extism/-/extism-2.0.0-rc11.tgz",
      "integrity": "sha512-+vjXOjQbCLpIAkMZjqkDIT4WUp2FA0mglj3a4nBpCp/gjDngiFqG6TmXP0esOubktY2EUklFiPCeaDr/sQXzKA==",
      "license": "BSD-3-Clause"
    }
  }
}
